<?xml version="1.0" encoding="utf-8"?>
<Project ToolsVersion="4.0" xmlns="http://schemas.microsoft.com/developer/msbuild/2003">
  <ItemGroup>
    <Filter Include="Source Files">
      <UniqueIdentifier>{4FC737F1-C7A5-4376-A066-2A32D752A2FF}</UniqueIdentifier>
      <Extensions>qml;cpp;c;cc;cxx;def;odl;idl;hpj;bat;asm;asmx</Extensions>
    </Filter>
    <Filter Include="Header Files">
      <UniqueIdentifier>{93995380-89BD-4b04-88EB-625FBE52EBFB}</UniqueIdentifier>
      <Extensions>h;hh;hpp;hxx;hm;inl;inc;xsd</Extensions>
    </Filter>
    <Filter Include="Resource Files">
      <UniqueIdentifier>{67DA6AB6-F800-4c08-8B7A-83BB121AAD01}</UniqueIdentifier>
      <Extensions>qrc;rc;ico;cur;bmp;dlg;rc2;rct;bin;rgs;gif;jpg;jpeg;jpe;resx;tiff;tif;png;wav;mfcribbon-ms</Extensions>
    </Filter>
    <Filter Include="Form Files">
      <UniqueIdentifier>{99349809-55BA-4b9d-BF79-8FDBB0286EB3}</UniqueIdentifier>
      <Extensions>ui</Extensions>
    </Filter>
    <Filter Include="Translation Files">
      <UniqueIdentifier>{639EADAA-A684-42e4-A9AD-28FC9BCB8F7C}</UniqueIdentifier>
      <Extensions>ts</Extensions>
    </Filter>
    <Filter Include="Source Files\View">
      <UniqueIdentifier>{c27e8d03-4ce0-47c6-b840-859c3636bbdc}</UniqueIdentifier>
    </Filter>
    <Filter Include="Source Files\View\QtIntellectNurse">
      <UniqueIdentifier>{f0cd0291-2af0-4d0b-b6a9-0733d53b9512}</UniqueIdentifier>
    </Filter>
    <Filter Include="Source Files\Component">
      <UniqueIdentifier>{e22608bc-24d3-471f-b6f7-139de77c6e9b}</UniqueIdentifier>
    </Filter>
    <Filter Include="Source Files\Component\PixmapWidget">
      <UniqueIdentifier>{3ba44dbc-ad93-4a11-b083-96a7b0491b3a}</UniqueIdentifier>
    </Filter>
    <Filter Include="Source Files\Tool">
      <UniqueIdentifier>{ce01c36b-f043-4fae-a443-c6a86e12718d}</UniqueIdentifier>
    </Filter>
    <Filter Include="Source Files\Tool\UICommonTool">
      <UniqueIdentifier>{418486e0-447e-4ef1-a833-34382ce5aa66}</UniqueIdentifier>
    </Filter>
    <Filter Include="Source Files\View\HomeView">
      <UniqueIdentifier>{f399e1ac-aabe-4e4e-ab6a-4b4da144b658}</UniqueIdentifier>
    </Filter>
    <Filter Include="Source Files\Manager">
      <UniqueIdentifier>{ec92351a-2aaf-483f-b1c1-af5f55bbf802}</UniqueIdentifier>
    </Filter>
    <Filter Include="Source Files\Manager\AppStatusManager">
      <UniqueIdentifier>{fed2934e-50df-40ef-b464-f87dba4ce43d}</UniqueIdentifier>
    </Filter>
    <Filter Include="Source Files\Manager\AppGuiManager">
      <UniqueIdentifier>{9f65f770-3b15-4c70-88f1-310e70e94c68}</UniqueIdentifier>
    </Filter>
    <Filter Include="Source Files\Define">
      <UniqueIdentifier>{7a2bba0d-d0ae-410a-baf0-75aa7503fc6c}</UniqueIdentifier>
    </Filter>
    <Filter Include="Source Files\View\IntellectArmView">
      <UniqueIdentifier>{5e121061-9154-45b5-abf0-30c8b8b656b5}</UniqueIdentifier>
    </Filter>
    <Filter Include="Source Files\View\IntellectBedView">
      <UniqueIdentifier>{d377b6cf-12b4-474a-85cd-bba8f79a4bcd}</UniqueIdentifier>
    </Filter>
    <Filter Include="Source Files\View\IntellectSettingsView">
      <UniqueIdentifier>{9c08bf39-ceaa-449f-877d-667726fa0ff8}</UniqueIdentifier>
    </Filter>
    <Filter Include="Source Files\View\IntellectSignView">
      <UniqueIdentifier>{60d44cbe-dc6a-45ce-a760-f48e29641d59}</UniqueIdentifier>
    </Filter>
    <Filter Include="Source Files\View\IntellectToiletView">
      <UniqueIdentifier>{8ebed639-98e9-4644-b1ce-ed4f1d0bb427}</UniqueIdentifier>
    </Filter>
    <Filter Include="Source Files\View\IntellectVideoView">
      <UniqueIdentifier>{b1f99205-066e-44d2-8eae-15d07a9feadc}</UniqueIdentifier>
    </Filter>
    <Filter Include="Source Files\View\QtIntellectNurse\BottomProcess">
      <UniqueIdentifier>{225f6af9-e50b-4de0-a4d4-d13926971d9b}</UniqueIdentifier>
    </Filter>
    <Filter Include="Source Files\Communication">
      <UniqueIdentifier>{9beeba04-b48f-422d-a0ce-effe2c01c806}</UniqueIdentifier>
    </Filter>
    <Filter Include="Source Files\Component\PopupTips">
      <UniqueIdentifier>{03023e44-805f-4f3c-a02b-ef357e047afe}</UniqueIdentifier>
    </Filter>
    <Filter Include="Source Files\Component\CustProgressBar">
      <UniqueIdentifier>{30f9bee7-7398-46cd-8bf2-251cbd935f61}</UniqueIdentifier>
    </Filter>
    <Filter Include="Source Files\Manager\APPDataManager">
      <UniqueIdentifier>{08ee546a-6ed8-4ac1-9d64-f98411f1062c}</UniqueIdentifier>
    </Filter>
    <Filter Include="Source Files\Manager\APPDataManager\APPSqlData">
      <UniqueIdentifier>{d4601a14-0458-43b0-85e6-3b1e5fd850df}</UniqueIdentifier>
    </Filter>
    <Filter Include="Source Files\Manager\APPDataManager\UserManager">
      <UniqueIdentifier>{b0c1df2f-0b2b-4b98-8ef3-2d15f13efa81}</UniqueIdentifier>
    </Filter>
    <Filter Include="Source Files\Manager\APPDataManager\CaregiverManager">
      <UniqueIdentifier>{cd28de60-c7bc-467d-9104-1724a2afc757}</UniqueIdentifier>
    </Filter>
    <Filter Include="Source Files\Manager\APPDataManager\ScreenManager">
      <UniqueIdentifier>{e0380b6e-0c3a-457e-af5c-73fe522474e9}</UniqueIdentifier>
    </Filter>
    <Filter Include="Source Files\Manager\APPDataManager\NetworkManager">
      <UniqueIdentifier>{2d176274-faa5-4d6c-b584-87ec8c4fdc8d}</UniqueIdentifier>
    </Filter>
    <Filter Include="Source Files\Manager\APPDataManager\CommunicateManager">
      <UniqueIdentifier>{41415f3f-b4ad-4ff9-b5c1-2770e851189a}</UniqueIdentifier>
    </Filter>
    <Filter Include="Source Files\Manager\APPDataManager\BasicConfigManager">
      <UniqueIdentifier>{8ccb904f-2dae-4a70-8a9d-bd5b1a21da56}</UniqueIdentifier>
    </Filter>
    <Filter Include="Source Files\Manager\APPDataManager\VideoManager">
      <UniqueIdentifier>{fcba8c4a-6160-4e78-95f4-60a88a8599d3}</UniqueIdentifier>
    </Filter>
    <Filter Include="Source Files\Manager\APPDataManager\BasicSqlData">
      <UniqueIdentifier>{9a879e48-ea4a-482b-939d-f7645ea41748}</UniqueIdentifier>
    </Filter>
    <Filter Include="Source Files\Component\CommonView">
      <UniqueIdentifier>{cbfd18e3-4907-49c6-9433-b38311d4e824}</UniqueIdentifier>
    </Filter>
    <Filter Include="Source Files\Component\BasicPopupView">
      <UniqueIdentifier>{82a59ad8-2723-4162-9f1e-b1986bec4a1e}</UniqueIdentifier>
    </Filter>
    <Filter Include="Source Files\Component\VideoView">
      <UniqueIdentifier>{365c076d-5a0e-4606-b66a-707d602957b6}</UniqueIdentifier>
    </Filter>
    <Filter Include="Source Files\Component\StorageWidget">
      <UniqueIdentifier>{e6693da7-719e-4bd8-bc6f-94b73ff4214a}</UniqueIdentifier>
    </Filter>
    <Filter Include="Source Files\Component\VideoView\VideoStorageView">
      <UniqueIdentifier>{63b6bc12-ae85-49ad-b895-9b3b1a16fcaf}</UniqueIdentifier>
    </Filter>
    <Filter Include="Source Files\Manager\MachineManager">
      <UniqueIdentifier>{7647ab07-6ff1-4199-8948-19b0b12a4fba}</UniqueIdentifier>
    </Filter>
    <Filter Include="Source Files\Manager\MachineManager\BasicMachine">
      <UniqueIdentifier>{65cd33e4-1f34-4547-898e-53117a6f3361}</UniqueIdentifier>
    </Filter>
    <Filter Include="Source Files\Manager\APPDataManager\MachineDataManager">
      <UniqueIdentifier>{e50b8370-b51e-4102-9bf7-00d708f34acb}</UniqueIdentifier>
    </Filter>
    <Filter Include="Source Files\Component\BackgroundMask">
      <UniqueIdentifier>{1644ed39-2075-4a06-8683-a6f2bffac5bb}</UniqueIdentifier>
    </Filter>
    <Filter Include="Source Files\Manager\MachineManager\RtelligentModbusMachine">
      <UniqueIdentifier>{ddde25e1-08d5-4ab6-9b41-63e583571811}</UniqueIdentifier>
    </Filter>
    <Filter Include="Source Files\Communication\ModbusRtuSerialClient">
      <UniqueIdentifier>{40c1fced-6135-4f8f-973b-bff0f2ff9bda}</UniqueIdentifier>
    </Filter>
    <Filter Include="Source Files\View\IntellectSettingsView\HardWareConfigView">
      <UniqueIdentifier>{7b18f5dd-2513-4cd4-a34f-5dcb0997270a}</UniqueIdentifier>
    </Filter>
    <Filter Include="Source Files\View\IntellectSettingsView\HardWareConfigView\CommunicateConfigView">
      <UniqueIdentifier>{9ecf99cb-69fa-45c1-a838-549e7f3ed458}</UniqueIdentifier>
    </Filter>
    <Filter Include="Source Files\View\IntellectSettingsView\HardWareConfigView\MachineConfigView">
      <UniqueIdentifier>{59d1ea14-4bef-4000-8e92-36f7aa17c8f3}</UniqueIdentifier>
    </Filter>
    <Filter Include="Source Files\Component\TranslateComboBox">
      <UniqueIdentifier>{ae42b20d-aaf8-411a-9d49-10ab7292534d}</UniqueIdentifier>
    </Filter>
    <Filter Include="Source Files\Manager\AppEnumManager">
      <UniqueIdentifier>{0fc318b0-dbf1-49a3-94b5-dbd4436113c2}</UniqueIdentifier>
    </Filter>
    <Filter Include="Source Files\Manager\AppEnumManager\CommonEnum">
      <UniqueIdentifier>{08a4b51b-218f-4510-950a-12fdb6e77579}</UniqueIdentifier>
    </Filter>
    <Filter Include="Source Files\Tool\CommonTool">
      <UniqueIdentifier>{49723ce4-757b-48b0-b9a5-8e89cfa9bde0}</UniqueIdentifier>
    </Filter>
  </ItemGroup>
  <ItemGroup>
    <ClCompile Include="source\main.cpp">
      <Filter>Source Files\View</Filter>
    </ClCompile>
    <ClCompile Include="source\Component\PixmapWidget\PixmapWidget.cpp">
      <Filter>Source Files\Component\PixmapWidget</Filter>
    </ClCompile>
    <ClCompile Include="source\View\QtIntellectNurse\QtIntellectNurse.cpp">
      <Filter>Source Files\View\QtIntellectNurse</Filter>
    </ClCompile>
    <ClCompile Include="source\Tool\UiCommonTool\UiCommonTool.cpp">
      <Filter>Source Files\Tool\UICommonTool</Filter>
    </ClCompile>
    <ClCompile Include="source\View\HomeView\HomeView.cpp">
      <Filter>Source Files\View\HomeView</Filter>
    </ClCompile>
    <ClCompile Include="source\View\IntellectArmView\IntellectArmView.cpp">
      <Filter>Source Files\View\IntellectArmView</Filter>
    </ClCompile>
    <ClCompile Include="source\View\IntellectBedView\IntellectBedView.cpp">
      <Filter>Source Files\View\IntellectBedView</Filter>
    </ClCompile>
    <ClCompile Include="source\View\IntellectSettingsView\IntellectSettingsView.cpp">
      <Filter>Source Files\View\IntellectSettingsView</Filter>
    </ClCompile>
    <ClCompile Include="source\View\IntellectSignView\IntellectSignView.cpp">
      <Filter>Source Files\View\IntellectSignView</Filter>
    </ClCompile>
    <ClCompile Include="source\View\IntellectToiletView\IntellectToiletView.cpp">
      <Filter>Source Files\View\IntellectToiletView</Filter>
    </ClCompile>
    <ClCompile Include="source\View\IntellectVideoView\IntellectVideoView.cpp">
      <Filter>Source Files\View\IntellectVideoView</Filter>
    </ClCompile>
    <ClCompile Include="source\View\QtIntellectNurse\BottomProcess\BottomProcess.cpp">
      <Filter>Source Files\View\QtIntellectNurse\BottomProcess</Filter>
    </ClCompile>
    <ClCompile Include="source\Communication\CommunicationRtu.cpp">
      <Filter>Source Files\Communication</Filter>
    </ClCompile>
    <ClCompile Include="source\Component\PopupTips\PopupManager.cpp">
      <Filter>Source Files\Component\PopupTips</Filter>
    </ClCompile>
    <ClCompile Include="source\Component\PopupTips\PopupTip.cpp">
      <Filter>Source Files\Component\PopupTips</Filter>
    </ClCompile>
    <ClCompile Include="source\Component\CustProgressBar\CustProgressBar.cpp">
      <Filter>Source Files\Component\CustProgressBar</Filter>
    </ClCompile>
    <ClCompile Include="source\Manager\AppGuiManager\AppGuiManager.cpp">
      <Filter>Source Files\Manager\AppGuiManager</Filter>
    </ClCompile>
    <ClCompile Include="source\Manager\AppStatusManager\AppStatusManager.cpp">
      <Filter>Source Files\Manager\AppStatusManager</Filter>
    </ClCompile>
    <ClCompile Include="source\Manager\AppDataManager\AppDataManager.cpp">
      <Filter>Source Files\Manager\APPDataManager</Filter>
    </ClCompile>
    <ClCompile Include="source\Manager\AppDataManager\APPSqlData\APPSqlData.cpp">
      <Filter>Source Files\Manager\APPDataManager\APPSqlData</Filter>
    </ClCompile>
    <ClCompile Include="source\Manager\AppDataManager\UserManager\UserManager.cpp">
      <Filter>Source Files\Manager\APPDataManager\UserManager</Filter>
    </ClCompile>
    <ClCompile Include="source\Manager\AppDataManager\CaregiverManager\CaregiverManager.cpp">
      <Filter>Source Files\Manager\APPDataManager\CaregiverManager</Filter>
    </ClCompile>
    <ClCompile Include="source\Manager\AppDataManager\NetworkManager\NetworkManager.cpp">
      <Filter>Source Files\Manager\APPDataManager\NetworkManager</Filter>
    </ClCompile>
    <ClCompile Include="source\Manager\AppDataManager\CommunicateManager\CommunicateManager.cpp">
      <Filter>Source Files\Manager\APPDataManager\CommunicateManager</Filter>
    </ClCompile>
    <ClCompile Include="source\Manager\AppDataManager\BasicConfigManager\BasicConfigManager.cpp">
      <Filter>Source Files\Manager\APPDataManager\BasicConfigManager</Filter>
    </ClCompile>
    <ClCompile Include="source\Manager\AppDataManager\VideoManager\VideoManager.cpp">
      <Filter>Source Files\Manager\APPDataManager\VideoManager</Filter>
    </ClCompile>
    <ClCompile Include="source\Manager\AppDataManager\ScreenManager\ScreenManager.cpp">
      <Filter>Source Files\Manager\APPDataManager\ScreenManager</Filter>
    </ClCompile>
    <ClCompile Include="source\Manager\AppDataManager\BasicSqlData\BasicSqlData.cpp">
      <Filter>Source Files\Manager\APPDataManager\BasicSqlData</Filter>
    </ClCompile>
    <ClCompile Include="source\Component\BasicPopupView\BasicPopupView.cpp">
      <Filter>Source Files\Component\BasicPopupView</Filter>
    </ClCompile>
    <ClCompile Include="source\Component\VideoView\VideoView.cpp">
      <Filter>Source Files\Component\VideoView</Filter>
    </ClCompile>
    <ClCompile Include="source\Component\StorageWidget\StorageWidget.cpp">
      <Filter>Source Files\Component\StorageWidget</Filter>
    </ClCompile>
    <ClCompile Include="source\Component\VideoView\VideoStorageView\VideoStorageView.cpp">
      <Filter>Source Files\Component\VideoView\VideoStorageView</Filter>
    </ClCompile>
    <ClCompile Include="source\Manager\MachineManager\MachineManager.cpp">
      <Filter>Source Files\Manager\MachineManager</Filter>
    </ClCompile>
    <ClCompile Include="source\Manager\MachineManager\BasicMachine\BasicMachine.cpp">
      <Filter>Source Files\Manager\MachineManager\BasicMachine</Filter>
    </ClCompile>
    <ClCompile Include="source\Manager\AppDataManager\MachineDataManager\MachineDataManager.cpp">
      <Filter>Source Files\Manager\APPDataManager\MachineDataManager</Filter>
    </ClCompile>
    <ClCompile Include="source\Component\BackgroundMask\BackgroundMask.cpp">
      <Filter>Source Files\Component\BackgroundMask</Filter>
    </ClCompile>
    <ClCompile Include="source\Component\BackgroundMask\EmptyChildView.cpp">
      <Filter>Source Files\Component\BackgroundMask</Filter>
    </ClCompile>
    <ClCompile Include="source\Manager\MachineManager\RtelligentModbusMachine\RtelligentModbusMachine.cpp">
      <Filter>Source Files\Manager\MachineManager\RtelligentModbusMachine</Filter>
    </ClCompile>
    <ClCompile Include="source\Communication\ModbusRtuSerialClient\ModbusRtuSerialClient.cpp">
      <Filter>Source Files\Communication\ModbusRtuSerialClient</Filter>
    </ClCompile>
    <ClCompile Include="source\View\IntellectSettingsView\HardWareConfigView\HardWareConfigView.cpp">
      <Filter>Source Files\View\IntellectSettingsView\HardWareConfigView</Filter>
    </ClCompile>
    <ClCompile Include="source\View\IntellectSettingsView\HardWareConfigView\CommunicateConfigView\CommunicateConfigView.cpp">
      <Filter>Source Files\View\IntellectSettingsView\HardWareConfigView\CommunicateConfigView</Filter>
    </ClCompile>
    <ClCompile Include="source\View\IntellectSettingsView\HardWareConfigView\MachineConfigView\MachineConfigView.cpp">
      <Filter>Source Files\View\IntellectSettingsView\HardWareConfigView\MachineConfigView</Filter>
    </ClCompile>
    <ClCompile Include="source\Component\TranslateComboBox\TranslateComboBox.cpp">
      <Filter>Source Files\Component\TranslateComboBox</Filter>
    </ClCompile>
    <ClCompile Include="source\Manager\AppEnumManager\AppEnumManager.cpp">
      <Filter>Source Files\Manager\AppEnumManager</Filter>
    </ClCompile>
    <ClCompile Include="source\Manager\AppEnumManager\CommonEnum\CommonEnum.cpp">
      <Filter>Source Files\Manager\AppEnumManager\CommonEnum</Filter>
    </ClCompile>
    <ClCompile Include="source\Tool\CommonTool\CommonTool.cpp">
      <Filter>Source Files\Tool\CommonTool</Filter>
    </ClCompile>
  </ItemGroup>
  <ItemGroup>
    <QtMoc Include="source\Component\PixmapWidget\PixmapWidget.h">
      <Filter>Source Files\Component\PixmapWidget</Filter>
    </QtMoc>
    <QtMoc Include="source\View\QtIntellectNurse\QtIntellectNurse.h">
      <Filter>Source Files\View\QtIntellectNurse</Filter>
    </QtMoc>
    <QtMoc Include="source\View\HomeView\HomeView.h">
      <Filter>Source Files\View\HomeView</Filter>
    </QtMoc>
    <QtMoc Include="source\View\IntellectArmView\IntellectArmView.h">
      <Filter>Source Files\View\IntellectArmView</Filter>
    </QtMoc>
    <QtMoc Include="source\View\IntellectBedView\IntellectBedView.h">
      <Filter>Source Files\View\IntellectBedView</Filter>
    </QtMoc>
    <QtMoc Include="source\View\IntellectSettingsView\IntellectSettingsView.h">
      <Filter>Source Files\View\IntellectSettingsView</Filter>
    </QtMoc>
    <QtMoc Include="source\View\IntellectSignView\IntellectSignView.h">
      <Filter>Source Files\View\IntellectSignView</Filter>
    </QtMoc>
    <QtMoc Include="source\View\IntellectToiletView\IntellectToiletView.h">
      <Filter>Source Files\View\IntellectToiletView</Filter>
    </QtMoc>
    <QtMoc Include="source\View\IntellectVideoView\IntellectVideoView.h">
      <Filter>Source Files\View\IntellectVideoView</Filter>
    </QtMoc>
    <QtMoc Include="source\View\QtIntellectNurse\BottomProcess\BottomProcess.h">
      <Filter>Source Files\View\QtIntellectNurse\BottomProcess</Filter>
    </QtMoc>
    <QtMoc Include="source\Communication\CommunicationRtu.h">
      <Filter>Source Files\Communication</Filter>
    </QtMoc>
    <QtMoc Include="source\Component\PopupTips\PopupManager.h">
      <Filter>Source Files\Component\PopupTips</Filter>
    </QtMoc>
    <QtMoc Include="source\Component\PopupTips\PopupTip.h">
      <Filter>Source Files\Component\PopupTips</Filter>
    </QtMoc>
    <QtMoc Include="source\Communication\CommunicationDefine.h">
      <Filter>Source Files\Communication</Filter>
    </QtMoc>
    <QtMoc Include="source\Component\CustProgressBar\CustProgressBar.h">
      <Filter>Source Files\Component\CustProgressBar</Filter>
    </QtMoc>
    <QtMoc Include="source\Manager\AppGuiManager\AppGuiManager.h">
      <Filter>Source Files\Manager\AppGuiManager</Filter>
    </QtMoc>
    <QtMoc Include="source\Manager\AppStatusManager\AppStatusManager.h">
      <Filter>Source Files\Manager\AppStatusManager</Filter>
    </QtMoc>
    <QtMoc Include="source\Manager\AppDataManager\AppDataManager.h">
      <Filter>Source Files\Manager\APPDataManager</Filter>
    </QtMoc>
    <QtMoc Include="source\Manager\AppDataManager\APPSqlData\APPSqlData.h">
      <Filter>Source Files\Manager\APPDataManager\APPSqlData</Filter>
    </QtMoc>
    <QtMoc Include="source\Manager\AppDataManager\UserManager\UserManager.h">
      <Filter>Source Files\Manager\APPDataManager\UserManager</Filter>
    </QtMoc>
    <QtMoc Include="source\Manager\AppDataManager\CaregiverManager\CaregiverManager.h">
      <Filter>Source Files\Manager\APPDataManager\CaregiverManager</Filter>
    </QtMoc>
    <QtMoc Include="source\Manager\AppDataManager\NetworkManager\NetworkManager.h">
      <Filter>Source Files\Manager\APPDataManager\NetworkManager</Filter>
    </QtMoc>
    <QtMoc Include="source\Manager\AppDataManager\CommunicateManager\CommunicateManager.h">
      <Filter>Source Files\Manager\APPDataManager\CommunicateManager</Filter>
    </QtMoc>
    <QtMoc Include="source\Manager\AppDataManager\BasicConfigManager\BasicConfigManager.h">
      <Filter>Source Files\Manager\APPDataManager\BasicConfigManager</Filter>
    </QtMoc>
    <QtMoc Include="source\Manager\AppDataManager\VideoManager\VideoManager.h">
      <Filter>Source Files\Manager\APPDataManager\VideoManager</Filter>
    </QtMoc>
    <QtMoc Include="source\Manager\AppDataManager\ScreenManager\ScreenManager.h">
      <Filter>Source Files\Manager\APPDataManager\ScreenManager</Filter>
    </QtMoc>
    <QtMoc Include="source\Manager\AppDataManager\BasicSqlData\BasicSqlData.h">
      <Filter>Source Files\Manager\APPDataManager\BasicSqlData</Filter>
    </QtMoc>
    <QtMoc Include="source\Component\BasicPopupView\BasicPopupView.h">
      <Filter>Source Files\Component\BasicPopupView</Filter>
    </QtMoc>
    <QtMoc Include="source\Component\VideoView\VideoView.h">
      <Filter>Source Files\Component\VideoView</Filter>
    </QtMoc>
    <QtMoc Include="source\Component\StorageWidget\StorageWidget.h">
      <Filter>Source Files\Component\StorageWidget</Filter>
    </QtMoc>
    <QtMoc Include="source\Component\VideoView\VideoStorageView\VideoStorageView.h">
      <Filter>Source Files\Component\VideoView\VideoStorageView</Filter>
    </QtMoc>
    <QtMoc Include="source\Manager\MachineManager\MachineManager.h">
      <Filter>Source Files\Manager\MachineManager</Filter>
    </QtMoc>
    <QtMoc Include="source\Manager\MachineManager\BasicMachine\BasicMachine.h">
      <Filter>Source Files\Manager\MachineManager\BasicMachine</Filter>
    </QtMoc>
    <QtMoc Include="source\Manager\AppDataManager\MachineDataManager\MachineDataManager.h">
      <Filter>Source Files\Manager\APPDataManager\MachineDataManager</Filter>
    </QtMoc>
    <QtMoc Include="source\Component\BackgroundMask\BackgroundMask.h">
      <Filter>Source Files\Component\BackgroundMask</Filter>
    </QtMoc>
    <QtMoc Include="source\Component\BackgroundMask\EmptyChildView.h">
      <Filter>Source Files\Component\BackgroundMask</Filter>
    </QtMoc>
    <QtMoc Include="source\Manager\MachineManager\RtelligentModbusMachine\RtelligentModbusMachine.h">
      <Filter>Source Files\Manager\MachineManager\RtelligentModbusMachine</Filter>
    </QtMoc>
    <QtMoc Include="source\Communication\ModbusRtuSerialClient\ModbusRtuSerialClient.h">
      <Filter>Source Files\Communication\ModbusRtuSerialClient</Filter>
    </QtMoc>
    <QtMoc Include="source\View\IntellectSettingsView\HardWareConfigView\HardWareConfigView.h">
      <Filter>Source Files\View\IntellectSettingsView\HardWareConfigView</Filter>
    </QtMoc>
    <QtMoc Include="source\View\IntellectSettingsView\HardWareConfigView\CommunicateConfigView\CommunicateConfigView.h">
      <Filter>Source Files\View\IntellectSettingsView\HardWareConfigView\CommunicateConfigView</Filter>
    </QtMoc>
    <QtMoc Include="source\View\IntellectSettingsView\HardWareConfigView\MachineConfigView\MachineConfigView.h">
      <Filter>Source Files\View\IntellectSettingsView\HardWareConfigView\MachineConfigView</Filter>
    </QtMoc>
    <QtMoc Include="source\Component\TranslateComboBox\TranslateComboBox.h">
      <Filter>Source Files\Component\TranslateComboBox</Filter>
    </QtMoc>
    <QtMoc Include="source\Manager\AppEnumManager\CommonEnum\CommonEnum.h">
      <Filter>Source Files\Manager\AppEnumManager\CommonEnum</Filter>
    </QtMoc>
    <QtMoc Include="source\Tool\CommonTool\CommonTool.h">
      <Filter>Source Files\Tool\CommonTool</Filter>
    </QtMoc>
  </ItemGroup>
  <ItemGroup>
    <Image Include="resources\QtIntellectNurse.ico">
      <Filter>Resource Files</Filter>
    </Image>
  </ItemGroup>
  <ItemGroup>
    <QtRcc Include="resources\QtIntellectNurse.qrc">
      <Filter>Resource Files</Filter>
    </QtRcc>
    <QtRcc Include="resources\qss.qrc">
      <Filter>Resource Files</Filter>
    </QtRcc>
  </ItemGroup>
  <ItemGroup>
    <ResourceCompile Include="resources\QtIntellectNurse.rc">
      <Filter>Resource Files</Filter>
    </ResourceCompile>
  </ItemGroup>
  <ItemGroup>
    <QtUic Include="source\View\QtIntellectNurse\QtIntellectNurse.ui">
      <Filter>Source Files\View\QtIntellectNurse</Filter>
    </QtUic>
    <QtUic Include="source\View\HomeView\HomeView.ui">
      <Filter>Source Files\View\HomeView</Filter>
    </QtUic>
    <QtUic Include="source\View\IntellectArmView\IntellectArmView.ui">
      <Filter>Source Files\View\IntellectArmView</Filter>
    </QtUic>
    <QtUic Include="source\View\IntellectBedView\IntellectBedView.ui">
      <Filter>Source Files\View\IntellectBedView</Filter>
    </QtUic>
    <QtUic Include="source\View\IntellectSettingsView\IntellectSettingsView.ui">
      <Filter>Source Files\View\IntellectSettingsView</Filter>
    </QtUic>
    <QtUic Include="source\View\IntellectSignView\IntellectSignView.ui">
      <Filter>Source Files\View\IntellectSignView</Filter>
    </QtUic>
    <QtUic Include="source\View\IntellectToiletView\IntellectToiletView.ui">
      <Filter>Source Files\View\IntellectToiletView</Filter>
    </QtUic>
    <QtUic Include="source\View\IntellectVideoView\IntellectVideoView.ui">
      <Filter>Source Files\View\IntellectVideoView</Filter>
    </QtUic>
    <QtUic Include="source\View\QtIntellectNurse\BottomProcess\BottomProcess.ui">
      <Filter>Source Files\View\QtIntellectNurse\BottomProcess</Filter>
    </QtUic>
    <QtUic Include="source\Component\PopupTips\PopupTip.ui">
      <Filter>Source Files\Component\PopupTips</Filter>
    </QtUic>
    <QtUic Include="source\Component\BasicPopupView\BasicPopupView.ui">
      <Filter>Source Files\Component\BasicPopupView</Filter>
    </QtUic>
    <QtUic Include="source\Component\VideoView\VideoView.ui">
      <Filter>Source Files\Component\VideoView</Filter>
    </QtUic>
    <QtUic Include="source\Component\VideoView\VideoStorageView\VideoStorageView.ui">
      <Filter>Source Files\Component\VideoView\VideoStorageView</Filter>
    </QtUic>
    <QtUic Include="source\Component\BackgroundMask\EmptyChildView.ui">
      <Filter>Source Files\Component\BackgroundMask</Filter>
    </QtUic>
    <QtUic Include="source\View\IntellectSettingsView\HardWareConfigView\HardWareConfigView.ui">
      <Filter>Source Files\View\IntellectSettingsView\HardWareConfigView</Filter>
    </QtUic>
    <QtUic Include="source\View\IntellectSettingsView\HardWareConfigView\CommunicateConfigView\CommunicateConfigView.ui">
      <Filter>Source Files\View\IntellectSettingsView\HardWareConfigView\CommunicateConfigView</Filter>
    </QtUic>
    <QtUic Include="source\View\IntellectSettingsView\HardWareConfigView\MachineConfigView\MachineConfigView.ui">
      <Filter>Source Files\View\IntellectSettingsView\HardWareConfigView\MachineConfigView</Filter>
    </QtUic>
  </ItemGroup>
  <ItemGroup>
    <ClInclude Include="source\Tool\UiCommonTool\UiCommonTool.h">
      <Filter>Source Files\Tool\UICommonTool</Filter>
    </ClInclude>
    <ClInclude Include="source\Define\AppDefine.h">
      <Filter>Source Files\Define</Filter>
    </ClInclude>
    <ClInclude Include="source\Manager\AppEnumManager\AppEnumManager.h">
      <Filter>Source Files\Manager\AppEnumManager</Filter>
    </ClInclude>
  </ItemGroup>
</Project>